<?xml version="1.0" encoding="utf-8"?>
<Project ToolsVersion="4.0" xmlns="http://schemas.microsoft.com/developer/msbuild/2003">
  <ItemGroup>
    <ClInclude Include="Engine\BaseApplication.h">
      <Filter>Engine</Filter>
    </ClInclude>
    <ClInclude Include="Engine\WindowManager.h">
      <Filter>Engine</Filter>
    </ClInclude>
    <ClInclude Include="Engine\DeviceManager.h">
      <Filter>Engine</Filter>
    </ClInclude>
    <ClInclude Include="Engine\ShaderManager.h">
      <Filter>Engine</Filter>
    </ClInclude>
    <ClInclude Include="Engine\Renderer.h">
      <Filter>Engine</Filter>
    </ClInclude>
    <ClInclude Include="Samples\RendererApp.h">
      <Filter>Samples</Filter>
    </ClInclude>
    <ClInclude Include="Engine\SceneManager.h">
      <Filter>Engine</Filter>
    </ClInclude>
    <ClInclude Include="Engine\MeshManager.h">
      <Filter>Engine</Filter>
    </ClInclude>
  </ItemGroup>
  <ItemGroup>
    <ClCompile Include="main.cpp" />
    <ClCompile Include="Engine\BaseApplication.cpp">
      <Filter>Engine</Filter>
    </ClCompile>
    <ClCompile Include="Engine\WindowManager.cpp">
      <Filter>Engine</Filter>
    </ClCompile>
    <ClCompile Include="Engine\DeviceManager.cpp">
      <Filter>Engine</Filter>
    </ClCompile>
    <ClCompile Include="Engine\ShaderManager.cpp">
      <Filter>Engine</Filter>
    </ClCompile>
    <ClCompile Include="Engine\Renderer.cpp">
      <Filter>Engine</Filter>
    </ClCompile>
    <ClCompile Include="Samples\RendererApp.cpp">
      <Filter>Samples</Filter>
    </ClCompile>
    <ClCompile Include="Engine\SceneManager.cpp">
      <Filter>Engine</Filter>
    </ClCompile>
    <ClCompile Include="Engine\MeshManager.cpp">
      <Filter>Engine</Filter>
    </ClCompile>
  </ItemGroup>
  <ItemGroup>
    <Filter Include="Engine">
      <UniqueIdentifier>{01f920f1-2f15-4eba-9e9d-5fbb8904f80c}</UniqueIdentifier>
    </Filter>
    <Filter Include="Shaders">
      <UniqueIdentifier>{0f95d360-135f-4beb-a171-d30102eb7788}</UniqueIdentifier>
    </Filter>
    <Filter Include="Samples">
      <UniqueIdentifier>{2960ea1d-0cec-4d71-8517-194501a4e671}</UniqueIdentifier>
      <Extensions>
      </Extensions>
    </Filter>
  </ItemGroup>
  <ItemGroup>
    <None Include="Shaders\shader.frag">
      <Filter>Shaders</Filter>
    </None>
    <None Include="Shaders\shader.vert">
      <Filter>Shaders</Filter>
    </None>
  </ItemGroup>
</Project>